// !$*UTF8*$!
{
	archiveVersion = 1;
	classes = {
	};
	objectVersion = 46;
	objects = {

/* Begin PBXBuildFile section */
		8A3465F61730044F00EE1621 /* Growl.framework in Frameworks */ = {isa = PBXBuildFile; fileRef = 8A3465F51730044F00EE1621 /* Growl.framework */; };
		8AEDA4781709BB13004D89FE /* Cocoa.framework in Frameworks */ = {isa = PBXBuildFile; fileRef = 8AEDA4771709BB13004D89FE /* Cocoa.framework */; };
		8AEDA4911709BB87004D89FE /* GBNotificationCenter.h in Headers */ = {isa = PBXBuildFile; fileRef = 8AEDA48C1709BB87004D89FE /* GBNotificationCenter.h */; settings = {ATTRIBUTES = (Public, ); }; };
		8AEDA4921709BB87004D89FE /* GBNotificationCenter.m in Sources */ = {isa = PBXBuildFile; fileRef = 8AEDA48D1709BB87004D89FE /* GBNotificationCenter.m */; };
		8AEDA4931709BB87004D89FE /* GBNotificationProtocol.h in Headers */ = {isa = PBXBuildFile; fileRef = 8AEDA48E1709BB87004D89FE /* GBNotificationProtocol.h */; settings = {ATTRIBUTES = (Public, ); }; };
		8AEDA4941709BB87004D89FE /* GBSimpleNotification.h in Headers */ = {isa = PBXBuildFile; fileRef = 8AEDA48F1709BB87004D89FE /* GBSimpleNotification.h */; settings = {ATTRIBUTES = (Public, ); }; };
		8AEDA4951709BB87004D89FE /* GBSimpleNotification.m in Sources */ = {isa = PBXBuildFile; fileRef = 8AEDA4901709BB87004D89FE /* GBSimpleNotification.m */; };
/* End PBXBuildFile section */

/* Begin PBXContainerItemProxy section */
		8AEDA49D1709BBDF004D89FE /* PBXContainerItemProxy */ = {
			isa = PBXContainerItemProxy;
			containerPortal = 8AEDA4971709BBDF004D89FE /* GBToolbox.xcodeproj */;
			proxyType = 2;
			remoteGlobalIDString = 8AD911B1162D9E2200C9D287;
			remoteInfo = "GBToolbox-iOS";
		};
		8AEDA49F1709BBDF004D89FE /* PBXContainerItemProxy */ = {
			isa = PBXContainerItemProxy;
			containerPortal = 8AEDA4971709BBDF004D89FE /* GBToolbox.xcodeproj */;
			proxyType = 2;
			remoteGlobalIDString = 8A0C4E34165FA60C00A990FB;
			remoteInfo = GBToolboxUnitTests;
		};
		8AEDA4A11709BBDF004D89FE /* PBXContainerItemProxy */ = {
			isa = PBXContainerItemProxy;
			containerPortal = 8AEDA4971709BBDF004D89FE /* GBToolbox.xcodeproj */;
			proxyType = 2;
			remoteGlobalIDString = 8A0377FB16BFCD2F0096C448;
			remoteInfo = "GBToolbox-OSX";
		};
		8AEDA4A71709BC0C004D89FE /* PBXContainerItemProxy */ = {
			isa = PBXContainerItemProxy;
			containerPortal = 8AEDA4971709BBDF004D89FE /* GBToolbox.xcodeproj */;
			proxyType = 1;
			remoteGlobalIDString = 8A0377FA16BFCD2F0096C448;
			remoteInfo = "GBToolbox-OSX";
		};
/* End PBXContainerItemProxy section */

/* Begin PBXFileReference section */
		8A3465F51730044F00EE1621 /* Growl.framework */ = {isa = PBXFileReference; lastKnownFileType = wrapper.framework; name = Growl.framework; path = GBNotificationCenter/Growl.framework; sourceTree = "<group>"; };
		8AEDA4741709BB13004D89FE /* GBNotificationCenter.framework */ = {isa = PBXFileReference; explicitFileType = wrapper.framework; includeInIndex = 0; path = GBNotificationCenter.framework; sourceTree = BUILT_PRODUCTS_DIR; };
		8AEDA4771709BB13004D89FE /* Cocoa.framework */ = {isa = PBXFileReference; lastKnownFileType = wrapper.framework; name = Cocoa.framework; path = System/Library/Frameworks/Cocoa.framework; sourceTree = SDKROOT; };
		8AEDA47A1709BB13004D89FE /* AppKit.framework */ = {isa = PBXFileReference; lastKnownFileType = wrapper.framework; name = AppKit.framework; path = System/Library/Frameworks/AppKit.framework; sourceTree = SDKROOT; };
		8AEDA47B1709BB13004D89FE /* CoreData.framework */ = {isa = PBXFileReference; lastKnownFileType = wrapper.framework; name = CoreData.framework; path = System/Library/Frameworks/CoreData.framework; sourceTree = SDKROOT; };
		8AEDA47C1709BB13004D89FE /* Foundation.framework */ = {isa = PBXFileReference; lastKnownFileType = wrapper.framework; name = Foundation.framework; path = System/Library/Frameworks/Foundation.framework; sourceTree = SDKROOT; };
		8AEDA47F1709BB13004D89FE /* GBNotificationCenter-Info.plist */ = {isa = PBXFileReference; lastKnownFileType = text.plist.xml; path = "GBNotificationCenter-Info.plist"; sourceTree = "<group>"; };
		8AEDA48C1709BB87004D89FE /* GBNotificationCenter.h */ = {isa = PBXFileReference; fileEncoding = 4; lastKnownFileType = sourcecode.c.h; path = GBNotificationCenter.h; sourceTree = "<group>"; };
		8AEDA48D1709BB87004D89FE /* GBNotificationCenter.m */ = {isa = PBXFileReference; fileEncoding = 4; lastKnownFileType = sourcecode.c.objc; path = GBNotificationCenter.m; sourceTree = "<group>"; };
		8AEDA48E1709BB87004D89FE /* GBNotificationProtocol.h */ = {isa = PBXFileReference; fileEncoding = 4; lastKnownFileType = sourcecode.c.h; path = GBNotificationProtocol.h; sourceTree = "<group>"; };
		8AEDA48F1709BB87004D89FE /* GBSimpleNotification.h */ = {isa = PBXFileReference; fileEncoding = 4; lastKnownFileType = sourcecode.c.h; path = GBSimpleNotification.h; sourceTree = "<group>"; };
		8AEDA4901709BB87004D89FE /* GBSimpleNotification.m */ = {isa = PBXFileReference; fileEncoding = 4; lastKnownFileType = sourcecode.c.objc; path = GBSimpleNotification.m; sourceTree = "<group>"; };
		8AEDA4971709BBDF004D89FE /* GBToolbox.xcodeproj */ = {isa = PBXFileReference; lastKnownFileType = "wrapper.pb-project"; name = GBToolbox.xcodeproj; path = ../GBToolbox/GBToolbox.xcodeproj; sourceTree = "<group>"; };
/* End PBXFileReference section */

/* Begin PBXFrameworksBuildPhase section */
		8AEDA4701709BB13004D89FE /* Frameworks */ = {
			isa = PBXFrameworksBuildPhase;
			buildActionMask = 2147483647;
			files = (
				8AEDA4781709BB13004D89FE /* Cocoa.framework in Frameworks */,
				8A3465F61730044F00EE1621 /* Growl.framework in Frameworks */,
			);
			runOnlyForDeploymentPostprocessing = 0;
		};
/* End PBXFrameworksBuildPhase section */

/* Begin PBXGroup section */
		8AEDA46A1709BB13004D89FE = {
			isa = PBXGroup;
			children = (
				8AEDA4DB1709C9F4004D89FE /* 3rd Party Frameworks */,
				8AEDA4961709BBD3004D89FE /* Libraries */,
				8AEDA47D1709BB13004D89FE /* GBNotificationCenter */,
				8AEDA4761709BB13004D89FE /* Frameworks */,
				8AEDA4751709BB13004D89FE /* Products */,
			);
			sourceTree = "<group>";
		};
		8AEDA4751709BB13004D89FE /* Products */ = {
			isa = PBXGroup;
			children = (
				8AEDA4741709BB13004D89FE /* GBNotificationCenter.framework */,
			);
			name = Products;
			sourceTree = "<group>";
		};
		8AEDA4761709BB13004D89FE /* Frameworks */ = {
			isa = PBXGroup;
			children = (
				8AEDA4771709BB13004D89FE /* Cocoa.framework */,
				8AEDA4791709BB13004D89FE /* Other Frameworks */,
			);
			name = Frameworks;
			sourceTree = "<group>";
		};
		8AEDA4791709BB13004D89FE /* Other Frameworks */ = {
			isa = PBXGroup;
			children = (
				8AEDA47A1709BB13004D89FE /* AppKit.framework */,
				8AEDA47B1709BB13004D89FE /* CoreData.framework */,
				8AEDA47C1709BB13004D89FE /* Foundation.framework */,
			);
			name = "Other Frameworks";
			sourceTree = "<group>";
		};
		8AEDA47D1709BB13004D89FE /* GBNotificationCenter */ = {
			isa = PBXGroup;
			children = (
				8AEDA48C1709BB87004D89FE /* GBNotificationCenter.h */,
				8AEDA48D1709BB87004D89FE /* GBNotificationCenter.m */,
				8AEDA48E1709BB87004D89FE /* GBNotificationProtocol.h */,
				8AEDA48F1709BB87004D89FE /* GBSimpleNotification.h */,
				8AEDA4901709BB87004D89FE /* GBSimpleNotification.m */,
				8AEDA47E1709BB13004D89FE /* Supporting Files */,
			);
			path = GBNotificationCenter;
			sourceTree = "<group>";
		};
		8AEDA47E1709BB13004D89FE /* Supporting Files */ = {
			isa = PBXGroup;
			children = (
				8AEDA47F1709BB13004D89FE /* GBNotificationCenter-Info.plist */,
			);
			name = "Supporting Files";
			sourceTree = "<group>";
		};
		8AEDA4961709BBD3004D89FE /* Libraries */ = {
			isa = PBXGroup;
			children = (
				8AEDA4971709BBDF004D89FE /* GBToolbox.xcodeproj */,
			);
			name = Libraries;
			sourceTree = "<group>";
		};
		8AEDA4981709BBDF004D89FE /* Products */ = {
			isa = PBXGroup;
			children = (
				8AEDA49E1709BBDF004D89FE /* libGBToolbox.a */,
				8AEDA4A01709BBDF004D89FE /* GBToolboxUnitTests.octest */,
				8AEDA4A21709BBDF004D89FE /* GBToolbox.framework */,
			);
			name = Products;
			sourceTree = "<group>";
		};
		8AEDA4DB1709C9F4004D89FE /* 3rd Party Frameworks */ = {
			isa = PBXGroup;
			children = (
				8A3465F51730044F00EE1621 /* Growl.framework */,
			);
			name = "3rd Party Frameworks";
			sourceTree = "<group>";
		};
/* End PBXGroup section */

/* Begin PBXHeadersBuildPhase section */
		8AEDA4711709BB13004D89FE /* Headers */ = {
			isa = PBXHeadersBuildPhase;
			buildActionMask = 2147483647;
			files = (
				8AEDA4911709BB87004D89FE /* GBNotificationCenter.h in Headers */,
				8AEDA4931709BB87004D89FE /* GBNotificationProtocol.h in Headers */,
				8AEDA4941709BB87004D89FE /* GBSimpleNotification.h in Headers */,
			);
			runOnlyForDeploymentPostprocessing = 0;
		};
/* End PBXHeadersBuildPhase section */

/* Begin PBXNativeTarget section */
		8AEDA4731709BB13004D89FE /* GBNotificationCenter */ = {
			isa = PBXNativeTarget;
			buildConfigurationList = 8AEDA4891709BB13004D89FE /* Build configuration list for PBXNativeTarget "GBNotificationCenter" */;
			buildPhases = (
				8AEDA46F1709BB13004D89FE /* Sources */,
				8AEDA4701709BB13004D89FE /* Frameworks */,
				8AEDA4711709BB13004D89FE /* Headers */,
				8AEDA4721709BB13004D89FE /* Resources */,
			);
			buildRules = (
			);
			dependencies = (
				8AEDA4A81709BC0C004D89FE /* PBXTargetDependency */,
			);
			name = GBNotificationCenter;
			productName = GBNotificationCenter;
			productReference = 8AEDA4741709BB13004D89FE /* GBNotificationCenter.framework */;
			productType = "com.apple.product-type.framework";
		};
/* End PBXNativeTarget section */

/* Begin PBXProject section */
		8AEDA46B1709BB13004D89FE /* Project object */ = {
			isa = PBXProject;
			attributes = {
				LastUpgradeCheck = 0460;
				ORGANIZATIONNAME = Goonbee;
			};
			buildConfigurationList = 8AEDA46E1709BB13004D89FE /* Build configuration list for PBXProject "GBNotificationCenter" */;
			compatibilityVersion = "Xcode 3.2";
			developmentRegion = English;
			hasScannedForEncodings = 0;
			knownRegions = (
				en,
			);
			mainGroup = 8AEDA46A1709BB13004D89FE;
			productRefGroup = 8AEDA4751709BB13004D89FE /* Products */;
			projectDirPath = "";
			projectReferences = (
				{
					ProductGroup = 8AEDA4981709BBDF004D89FE /* Products */;
					ProjectRef = 8AEDA4971709BBDF004D89FE /* GBToolbox.xcodeproj */;
				},
			);
			projectRoot = "";
			targets = (
				8AEDA4731709BB13004D89FE /* GBNotificationCenter */,
			);
		};
/* End PBXProject section */

/* Begin PBXReferenceProxy section */
		8AEDA49E1709BBDF004D89FE /* libGBToolbox.a */ = {
			isa = PBXReferenceProxy;
			fileType = archive.ar;
			path = libGBToolbox.a;
			remoteRef = 8AEDA49D1709BBDF004D89FE /* PBXContainerItemProxy */;
			sourceTree = BUILT_PRODUCTS_DIR;
		};
		8AEDA4A01709BBDF004D89FE /* GBToolboxUnitTests.octest */ = {
			isa = PBXReferenceProxy;
			fileType = wrapper.cfbundle;
			path = GBToolboxUnitTests.octest;
			remoteRef = 8AEDA49F1709BBDF004D89FE /* PBXContainerItemProxy */;
			sourceTree = BUILT_PRODUCTS_DIR;
		};
		8AEDA4A21709BBDF004D89FE /* GBToolbox.framework */ = {
			isa = PBXReferenceProxy;
			fileType = wrapper.framework;
			path = GBToolbox.framework;
			remoteRef = 8AEDA4A11709BBDF004D89FE /* PBXContainerItemProxy */;
			sourceTree = BUILT_PRODUCTS_DIR;
		};
/* End PBXReferenceProxy section */

/* Begin PBXResourcesBuildPhase section */
		8AEDA4721709BB13004D89FE /* Resources */ = {
			isa = PBXResourcesBuildPhase;
			buildActionMask = 2147483647;
			files = (
			);
			runOnlyForDeploymentPostprocessing = 0;
		};
/* End PBXResourcesBuildPhase section */

/* Begin PBXSourcesBuildPhase section */
		8AEDA46F1709BB13004D89FE /* Sources */ = {
			isa = PBXSourcesBuildPhase;
			buildActionMask = 2147483647;
			files = (
				8AEDA4921709BB87004D89FE /* GBNotificationCenter.m in Sources */,
				8AEDA4951709BB87004D89FE /* GBSimpleNotification.m in Sources */,
			);
			runOnlyForDeploymentPostprocessing = 0;
		};
/* End PBXSourcesBuildPhase section */

/* Begin PBXTargetDependency section */
		8AEDA4A81709BC0C004D89FE /* PBXTargetDependency */ = {
			isa = PBXTargetDependency;
			name = "GBToolbox-OSX";
			targetProxy = 8AEDA4A71709BC0C004D89FE /* PBXContainerItemProxy */;
		};
/* End PBXTargetDependency section */

/* Begin XCBuildConfiguration section */
		8AEDA4871709BB13004D89FE /* Debug */ = {
			isa = XCBuildConfiguration;
			buildSettings = {
				ALWAYS_SEARCH_USER_PATHS = NO;
				ARCHS = "$(ARCHS_STANDARD_64_BIT)";
				CLANG_CXX_LANGUAGE_STANDARD = "gnu++0x";
				CLANG_CXX_LIBRARY = "libc++";
				CLANG_ENABLE_OBJC_ARC = YES;
				CLANG_WARN_CONSTANT_CONVERSION = YES;
				CLANG_WARN_EMPTY_BODY = YES;
				CLANG_WARN_ENUM_CONVERSION = YES;
				CLANG_WARN_INT_CONVERSION = YES;
				CLANG_WARN__DUPLICATE_METHOD_MATCH = YES;
				COPY_PHASE_STRIP = NO;
				GCC_C_LANGUAGE_STANDARD = gnu99;
				GCC_DYNAMIC_NO_PIC = NO;
				GCC_ENABLE_OBJC_EXCEPTIONS = YES;
				GCC_OPTIMIZATION_LEVEL = 0;
				GCC_PREPROCESSOR_DEFINITIONS = (
					"DEBUG=1",
					"$(inherited)",
				);
				GCC_SYMBOLS_PRIVATE_EXTERN = NO;
				GCC_WARN_64_TO_32_BIT_CONVERSION = YES;
				GCC_WARN_ABOUT_RETURN_TYPE = YES;
				GCC_WARN_UNINITIALIZED_AUTOS = YES;
				GCC_WARN_UNUSED_VARIABLE = YES;
				MACOSX_DEPLOYMENT_TARGET = 10.6;
				ONLY_ACTIVE_ARCH = YES;
				SDKROOT = macosx;
				SKIP_INSTALL = YES;
			};
			name = Debug;
		};
		8AEDA4881709BB13004D89FE /* Release */ = {
			isa = XCBuildConfiguration;
			buildSettings = {
				ALWAYS_SEARCH_USER_PATHS = NO;
				ARCHS = "$(ARCHS_STANDARD_64_BIT)";
				CLANG_CXX_LANGUAGE_STANDARD = "gnu++0x";
				CLANG_CXX_LIBRARY = "libc++";
				CLANG_ENABLE_OBJC_ARC = YES;
				CLANG_WARN_CONSTANT_CONVERSION = YES;
				CLANG_WARN_EMPTY_BODY = YES;
				CLANG_WARN_ENUM_CONVERSION = YES;
				CLANG_WARN_INT_CONVERSION = YES;
				CLANG_WARN__DUPLICATE_METHOD_MATCH = YES;
				COPY_PHASE_STRIP = YES;
				DEBUG_INFORMATION_FORMAT = "dwarf-with-dsym";
				GCC_C_LANGUAGE_STANDARD = gnu99;
				GCC_ENABLE_OBJC_EXCEPTIONS = YES;
				GCC_WARN_64_TO_32_BIT_CONVERSION = YES;
				GCC_WARN_ABOUT_RETURN_TYPE = YES;
				GCC_WARN_UNINITIALIZED_AUTOS = YES;
				GCC_WARN_UNUSED_VARIABLE = YES;
				MACOSX_DEPLOYMENT_TARGET = 10.6;
				SDKROOT = macosx;
				SKIP_INSTALL = YES;
			};
			name = Release;
		};
		8AEDA48A1709BB13004D89FE /* Debug */ = {
			isa = XCBuildConfiguration;
			buildSettings = {
				COMBINE_HIDPI_IMAGES = YES;
				DYLIB_COMPATIBILITY_VERSION = 1;
				DYLIB_CURRENT_VERSION = 1;
				FRAMEWORK_SEARCH_PATHS = (
					"$(inherited)",
					"\"$(SRCROOT)\"",
					"\"$(SRCROOT)/GBNotificationCenter\"",
				);
				FRAMEWORK_VERSION = A;
				GCC_PRECOMPILE_PREFIX_HEADER = YES;
				INFOPLIST_FILE = "GBNotificationCenter/GBNotificationCenter-Info.plist";
				INSTALL_PATH = "@executable_path/../Frameworks";
				PRODUCT_NAME = "$(TARGET_NAME)";
				WRAPPER_EXTENSION = framework;
			};
			name = Debug;
		};
		8AEDA48B1709BB13004D89FE /* Release */ = {
			isa = XCBuildConfiguration;
			buildSettings = {
				COMBINE_HIDPI_IMAGES = YES;
				DYLIB_COMPATIBILITY_VERSION = 1;
				DYLIB_CURRENT_VERSION = 1;
				FRAMEWORK_SEARCH_PATHS = (
					"$(inherited)",
					"\"$(SRCROOT)\"",
					"\"$(SRCROOT)/GBNotificationCenter\"",
				);
				FRAMEWORK_VERSION = A;
				GCC_PRECOMPILE_PREFIX_HEADER = YES;
				INFOPLIST_FILE = "GBNotificationCenter/GBNotificationCenter-Info.plist";
				INSTALL_PATH = "@executable_path/../Frameworks";
				PRODUCT_NAME = "$(TARGET_NAME)";
				WRAPPER_EXTENSION = framework;
			};
			name = Release;
		};
/* End XCBuildConfiguration section */

/* Begin XCConfigurationList section */
		8AEDA46E1709BB13004D89FE /* Build configuration list for PBXProject "GBNotificationCenter" */ = {
			isa = XCConfigurationList;
			buildConfigurations = (
				8AEDA4871709BB13004D89FE /* Debug */,
				8AEDA4881709BB13004D89FE /* Release */,
			);
			defaultConfigurationIsVisible = 0;
			defaultConfigurationName = Release;
		};
		8AEDA4891709BB13004D89FE /* Build configuration list for PBXNativeTarget "GBNotificationCenter" */ = {
			isa = XCConfigurationList;
			buildConfigurations = (
				8AEDA48A1709BB13004D89FE /* Debug */,
				8AEDA48B1709BB13004D89FE /* Release */,
			);
			defaultConfigurationIsVisible = 0;
			defaultConfigurationName = Release;
		};
/* End XCConfigurationList section */
	};
	rootObject = 8AEDA46B1709BB13004D89FE /* Project object */;
}
